
Microsoft Visual Studio Solution File, Format Version 12.00
# Visual Studio Version 17
VisualStudioVersion = 17.1.32414.318
MinimumVisualStudioVersion = 10.0.40219.1
Project("{FAE04EC0-301F-11D3-BF4B-00C04F79EFBC}") = "ProjectCuoiKy.NET", "ProjectCuoiKy.NET\ProjectCuoiKy.NET.csproj", "{548D0384-687D-4717-BC82-43B70BFC021C}"
EndProject
Global
	GlobalSection(SolutionConfigurationPlatforms) = preSolution
		Debug|Any CPU = Debug|Any CPU
		Release|Any CPU = Release|Any CPU
	EndGlobalSection
	GlobalSection(ProjectConfigurationPlatforms) = postSolution
		{548D0384-687D-4717-BC82-43B70BFC021C}.Debug|Any CPU.ActiveCfg = Debug|Any CPU
		{548D0384-687D-4717-BC82-43B70BFC021C}.Debug|Any CPU.Build.0 = Debug|Any CPU
		{548D0384-687D-4717-BC82-43B70BFC021C}.Release|Any CPU.ActiveCfg = Release|Any CPU
		{548D0384-687D-4717-BC82-43B70BFC021C}.Release|Any CPU.Build.0 = Release|Any CPU
	EndGlobalSection
	GlobalSection(SolutionProperties) = preSolution
		HideSolutionNode = FALSE
	EndGlobalSection
	GlobalSection(ExtensibilityGlobals) = postSolution
		SolutionGuid = {92B95CDB-7257-48F6-A7CD-083A88F91092}
	EndGlobalSection
EndGlobal
